
Microsoft Visual Studio Solution File, Format Version 12.00
# Visual Studio Version 17
VisualStudioVersion = 17.4.33213.308
MinimumVisualStudioVersion = 10.0.40219.1
Project("{9A19103F-16F7-4668-BE54-9A1E7A4F7556}") = "BlobStorageManager.Api", "BlobStorageManager.Api\BlobStorageManager.Api.csproj", "{F7A4F279-8C0F-491D-BDA1-4C4A65558C30}"
EndProject
Project("{9A19103F-16F7-4668-BE54-9A1E7A4F7556}") = "BlobStorageManager.Models", "BlobStorageManager.Models\BlobStorageManager.Models.csproj", "{395E98DB-8812-496A-B2B8-F29B5C0F4C7B}"
EndProject
Project("{FAE04EC0-301F-11D3-BF4B-00C04F79EFBC}") = "BlobStorageManager.Web", "BlobStorageManager.Web\BlobStorageManager.Web.csproj", "{0A7CF226-AC5A-456C-B239-8CE04C7815A4}"
EndProject
Global
	GlobalSection(SolutionConfigurationPlatforms) = preSolution
		Debug|Any CPU = Debug|Any CPU
		Release|Any CPU = Release|Any CPU
	EndGlobalSection
	GlobalSection(ProjectConfigurationPlatforms) = postSolution
		{F7A4F279-8C0F-491D-BDA1-4C4A65558C30}.Debug|Any CPU.ActiveCfg = Debug|Any CPU
		{F7A4F279-8C0F-491D-BDA1-4C4A65558C30}.Debug|Any CPU.Build.0 = Debug|Any CPU
		{F7A4F279-8C0F-491D-BDA1-4C4A65558C30}.Release|Any CPU.ActiveCfg = Release|Any CPU
		{F7A4F279-8C0F-491D-BDA1-4C4A65558C30}.Release|Any CPU.Build.0 = Release|Any CPU
		{395E98DB-8812-496A-B2B8-F29B5C0F4C7B}.Debug|Any CPU.ActiveCfg = Debug|Any CPU
		{395E98DB-8812-496A-B2B8-F29B5C0F4C7B}.Debug|Any CPU.Build.0 = Debug|Any CPU
		{395E98DB-8812-496A-B2B8-F29B5C0F4C7B}.Release|Any CPU.ActiveCfg = Release|Any CPU
		{395E98DB-8812-496A-B2B8-F29B5C0F4C7B}.Release|Any CPU.Build.0 = Release|Any CPU
		{0A7CF226-AC5A-456C-B239-8CE04C7815A4}.Debug|Any CPU.ActiveCfg = Debug|Any CPU
		{0A7CF226-AC5A-456C-B239-8CE04C7815A4}.Debug|Any CPU.Build.0 = Debug|Any CPU
		{0A7CF226-AC5A-456C-B239-8CE04C7815A4}.Release|Any CPU.ActiveCfg = Release|Any CPU
		{0A7CF226-AC5A-456C-B239-8CE04C7815A4}.Release|Any CPU.Build.0 = Release|Any CPU
	EndGlobalSection
	GlobalSection(SolutionProperties) = preSolution
		HideSolutionNode = FALSE
	EndGlobalSection
	GlobalSection(ExtensibilityGlobals) = postSolution
		SolutionGuid = {BBE04721-2C7B-49AD-948E-FD57910501E5}
	EndGlobalSection
EndGlobal
